
Microsoft Visual Studio Solution File, Format Version 12.00
# Visual Studio Version 16
VisualStudioVersion = 16.0.29613.14
MinimumVisualStudioVersion = 10.0.40219.1
Project("{FAE04EC0-301F-11D3-BF4B-00C04F79EFBC}") = "SmuseumApp", "SmuseumApp\SmuseumApp.csproj", "{180A3A75-C0A2-49A3-8439-D08C62F14304}"
EndProject
Project("{FAE04EC0-301F-11D3-BF4B-00C04F79EFBC}") = "ClassiSmuseum", "ClassiSmuseum\ClassiSmuseum.csproj", "{A6E8BF6C-451F-4E5D-AB83-DE0B91CD1595}"
EndProject
Global
	GlobalSection(SolutionConfigurationPlatforms) = preSolution
		Debug|Any CPU = Debug|Any CPU
		Release|Any CPU = Release|Any CPU
	EndGlobalSection
	GlobalSection(ProjectConfigurationPlatforms) = postSolution
		{180A3A75-C0A2-49A3-8439-D08C62F14304}.Debug|Any CPU.ActiveCfg = Debug|Any CPU
		{180A3A75-C0A2-49A3-8439-D08C62F14304}.Debug|Any CPU.Build.0 = Debug|Any CPU
		{180A3A75-C0A2-49A3-8439-D08C62F14304}.Release|Any CPU.ActiveCfg = Release|Any CPU
		{180A3A75-C0A2-49A3-8439-D08C62F14304}.Release|Any CPU.Build.0 = Release|Any CPU
		{A6E8BF6C-451F-4E5D-AB83-DE0B91CD1595}.Debug|Any CPU.ActiveCfg = Debug|Any CPU
		{A6E8BF6C-451F-4E5D-AB83-DE0B91CD1595}.Debug|Any CPU.Build.0 = Debug|Any CPU
		{A6E8BF6C-451F-4E5D-AB83-DE0B91CD1595}.Release|Any CPU.ActiveCfg = Release|Any CPU
		{A6E8BF6C-451F-4E5D-AB83-DE0B91CD1595}.Release|Any CPU.Build.0 = Release|Any CPU
	EndGlobalSection
	GlobalSection(SolutionProperties) = preSolution
		HideSolutionNode = FALSE
	EndGlobalSection
	GlobalSection(ExtensibilityGlobals) = postSolution
		SolutionGuid = {231B2774-1797-44CB-9168-D464298C69A9}
	EndGlobalSection
EndGlobal
